
Microsoft Visual Studio Solution File, Format Version 12.00
# Visual Studio Version 17
VisualStudioVersion = 17.2.32630.192
MinimumVisualStudioVersion = 10.0.40219.1
Project("{2150E333-8FDC-42A3-9474-1A3956D46DE8}") = "01. Clients", "01. Clients", "{509F64EC-6802-4DD1-A912-5908C80C6E53}"
EndProject
Project("{2150E333-8FDC-42A3-9474-1A3956D46DE8}") = "02. Api.Gateways", "02. Api.Gateways", "{4BD66E20-8721-40C7-80F8-3FEA9A4F0220}"
EndProject
Project("{2150E333-8FDC-42A3-9474-1A3956D46DE8}") = "03. Services", "03. Services", "{375ABC12-9ABB-42CB-A21B-70A504745BAD}"
EndProject
Project("{2150E333-8FDC-42A3-9474-1A3956D46DE8}") = "01. Identity", "01. Identity", "{25183CB8-A8D9-4BCB-A28B-0DFFC37DFCB0}"
EndProject
Project("{2150E333-8FDC-42A3-9474-1A3956D46DE8}") = "02. Catalog", "02. Catalog", "{B5830AC2-7610-4ADE-BCA3-2605820FBD43}"
EndProject
Project("{2150E333-8FDC-42A3-9474-1A3956D46DE8}") = "03. Customer", "03. Customer", "{9BAD0220-CDF5-4DA0-A0DD-5D280E4239EF}"
EndProject
Project("{2150E333-8FDC-42A3-9474-1A3956D46DE8}") = "04. Order", "04. Order", "{A30F200C-92E2-4873-AC14-86E189FE3FFB}"
EndProject
Project("{9A19103F-16F7-4668-BE54-9A1E7A4F7556}") = "Catalog.Api", "src\Services\Catalog\Catalog.Api\Catalog.Api.csproj", "{16E099A8-FA28-4530-9CE4-6C907F259980}"
EndProject
Project("{2150E333-8FDC-42A3-9474-1A3956D46DE8}") = "01. API", "01. API", "{4902939C-4F4E-4A8B-B089-66DE740D8CDA}"
EndProject
Project("{2150E333-8FDC-42A3-9474-1A3956D46DE8}") = "02. Service", "02. Service", "{A8ABF6BC-1761-45EA-92C2-F0A3FB264C7F}"
EndProject
Project("{2150E333-8FDC-42A3-9474-1A3956D46DE8}") = "03. Persistence", "03. Persistence", "{32F4E6C9-438E-4D78-9579-8D3125D340C2}"
EndProject
Project("{2150E333-8FDC-42A3-9474-1A3956D46DE8}") = "04. Models", "04. Models", "{1BA46775-F051-46BD-992D-E16A1B14CACD}"
EndProject
Project("{9A19103F-16F7-4668-BE54-9A1E7A4F7556}") = "Catalog.Domain", "src\Services\Catalog\Catalog.Domain\Catalog.Domain.csproj", "{D19E3CDB-7657-4404-9487-4874AB31BC96}"
EndProject
Project("{9A19103F-16F7-4668-BE54-9A1E7A4F7556}") = "Catalog.Persistance.Database", "src\Services\Catalog\Catalog.Persistance.Database\Catalog.Persistance.Database.csproj", "{8C24A3B5-9DED-4C04-B5FE-9D8EB44B6388}"
EndProject
Project("{FAE04EC0-301F-11D3-BF4B-00C04F79EFBC}") = "Catalog.Service.Queries", "src\Services\Catalog\Catalog.Service.Queries\Catalog.Service.Queries.csproj", "{87549EBC-A145-4AB5-90B2-20014B5687B0}"
EndProject
Project("{2150E333-8FDC-42A3-9474-1A3956D46DE8}") = "Common", "Common", "{7E477112-3AF3-4EE3-9D9B-2ABE4446C114}"
EndProject
Project("{FAE04EC0-301F-11D3-BF4B-00C04F79EFBC}") = "Service.Common.Collection", "src\Services\Service.Common.Collection\Service.Common.Collection.csproj", "{9422FBAC-3CFE-43DF-9F20-1E262FF7884E}"
EndProject
Project("{9A19103F-16F7-4668-BE54-9A1E7A4F7556}") = "Service.Common.Mapping", "src\Services\Service.Common.Mapping\Service.Common.Mapping.csproj", "{914595B8-C61D-4BF7-B8E5-ABD5F6E8C83C}"
EndProject
Project("{FAE04EC0-301F-11D3-BF4B-00C04F79EFBC}") = "Service.Common.Paging", "src\Services\Service.Common.Paging\Service.Common.Paging.csproj", "{6C345862-032E-4616-929A-F8017508E1AE}"
EndProject
Global
	GlobalSection(SolutionConfigurationPlatforms) = preSolution
		Debug|Any CPU = Debug|Any CPU
		Release|Any CPU = Release|Any CPU
	EndGlobalSection
	GlobalSection(ProjectConfigurationPlatforms) = postSolution
		{16E099A8-FA28-4530-9CE4-6C907F259980}.Debug|Any CPU.ActiveCfg = Debug|Any CPU
		{16E099A8-FA28-4530-9CE4-6C907F259980}.Debug|Any CPU.Build.0 = Debug|Any CPU
		{16E099A8-FA28-4530-9CE4-6C907F259980}.Release|Any CPU.ActiveCfg = Release|Any CPU
		{16E099A8-FA28-4530-9CE4-6C907F259980}.Release|Any CPU.Build.0 = Release|Any CPU
		{D19E3CDB-7657-4404-9487-4874AB31BC96}.Debug|Any CPU.ActiveCfg = Debug|Any CPU
		{D19E3CDB-7657-4404-9487-4874AB31BC96}.Debug|Any CPU.Build.0 = Debug|Any CPU
		{D19E3CDB-7657-4404-9487-4874AB31BC96}.Release|Any CPU.ActiveCfg = Release|Any CPU
		{D19E3CDB-7657-4404-9487-4874AB31BC96}.Release|Any CPU.Build.0 = Release|Any CPU
		{8C24A3B5-9DED-4C04-B5FE-9D8EB44B6388}.Debug|Any CPU.ActiveCfg = Debug|Any CPU
		{8C24A3B5-9DED-4C04-B5FE-9D8EB44B6388}.Debug|Any CPU.Build.0 = Debug|Any CPU
		{8C24A3B5-9DED-4C04-B5FE-9D8EB44B6388}.Release|Any CPU.ActiveCfg = Release|Any CPU
		{8C24A3B5-9DED-4C04-B5FE-9D8EB44B6388}.Release|Any CPU.Build.0 = Release|Any CPU
		{87549EBC-A145-4AB5-90B2-20014B5687B0}.Debug|Any CPU.ActiveCfg = Debug|Any CPU
		{87549EBC-A145-4AB5-90B2-20014B5687B0}.Debug|Any CPU.Build.0 = Debug|Any CPU
		{87549EBC-A145-4AB5-90B2-20014B5687B0}.Release|Any CPU.ActiveCfg = Release|Any CPU
		{87549EBC-A145-4AB5-90B2-20014B5687B0}.Release|Any CPU.Build.0 = Release|Any CPU
		{9422FBAC-3CFE-43DF-9F20-1E262FF7884E}.Debug|Any CPU.ActiveCfg = Debug|Any CPU
		{9422FBAC-3CFE-43DF-9F20-1E262FF7884E}.Debug|Any CPU.Build.0 = Debug|Any CPU
		{9422FBAC-3CFE-43DF-9F20-1E262FF7884E}.Release|Any CPU.ActiveCfg = Release|Any CPU
		{9422FBAC-3CFE-43DF-9F20-1E262FF7884E}.Release|Any CPU.Build.0 = Release|Any CPU
		{914595B8-C61D-4BF7-B8E5-ABD5F6E8C83C}.Debug|Any CPU.ActiveCfg = Debug|Any CPU
		{914595B8-C61D-4BF7-B8E5-ABD5F6E8C83C}.Debug|Any CPU.Build.0 = Debug|Any CPU
		{914595B8-C61D-4BF7-B8E5-ABD5F6E8C83C}.Release|Any CPU.ActiveCfg = Release|Any CPU
		{914595B8-C61D-4BF7-B8E5-ABD5F6E8C83C}.Release|Any CPU.Build.0 = Release|Any CPU
		{6C345862-032E-4616-929A-F8017508E1AE}.Debug|Any CPU.ActiveCfg = Debug|Any CPU
		{6C345862-032E-4616-929A-F8017508E1AE}.Debug|Any CPU.Build.0 = Debug|Any CPU
		{6C345862-032E-4616-929A-F8017508E1AE}.Release|Any CPU.ActiveCfg = Release|Any CPU
		{6C345862-032E-4616-929A-F8017508E1AE}.Release|Any CPU.Build.0 = Release|Any CPU
	EndGlobalSection
	GlobalSection(SolutionProperties) = preSolution
		HideSolutionNode = FALSE
	EndGlobalSection
	GlobalSection(NestedProjects) = preSolution
		{25183CB8-A8D9-4BCB-A28B-0DFFC37DFCB0} = {375ABC12-9ABB-42CB-A21B-70A504745BAD}
		{B5830AC2-7610-4ADE-BCA3-2605820FBD43} = {375ABC12-9ABB-42CB-A21B-70A504745BAD}
		{9BAD0220-CDF5-4DA0-A0DD-5D280E4239EF} = {375ABC12-9ABB-42CB-A21B-70A504745BAD}
		{A30F200C-92E2-4873-AC14-86E189FE3FFB} = {375ABC12-9ABB-42CB-A21B-70A504745BAD}
		{16E099A8-FA28-4530-9CE4-6C907F259980} = {4902939C-4F4E-4A8B-B089-66DE740D8CDA}
		{4902939C-4F4E-4A8B-B089-66DE740D8CDA} = {B5830AC2-7610-4ADE-BCA3-2605820FBD43}
		{A8ABF6BC-1761-45EA-92C2-F0A3FB264C7F} = {B5830AC2-7610-4ADE-BCA3-2605820FBD43}
		{32F4E6C9-438E-4D78-9579-8D3125D340C2} = {B5830AC2-7610-4ADE-BCA3-2605820FBD43}
		{1BA46775-F051-46BD-992D-E16A1B14CACD} = {B5830AC2-7610-4ADE-BCA3-2605820FBD43}
		{D19E3CDB-7657-4404-9487-4874AB31BC96} = {1BA46775-F051-46BD-992D-E16A1B14CACD}
		{8C24A3B5-9DED-4C04-B5FE-9D8EB44B6388} = {32F4E6C9-438E-4D78-9579-8D3125D340C2}
		{87549EBC-A145-4AB5-90B2-20014B5687B0} = {A8ABF6BC-1761-45EA-92C2-F0A3FB264C7F}
		{7E477112-3AF3-4EE3-9D9B-2ABE4446C114} = {375ABC12-9ABB-42CB-A21B-70A504745BAD}
		{9422FBAC-3CFE-43DF-9F20-1E262FF7884E} = {7E477112-3AF3-4EE3-9D9B-2ABE4446C114}
		{914595B8-C61D-4BF7-B8E5-ABD5F6E8C83C} = {7E477112-3AF3-4EE3-9D9B-2ABE4446C114}
		{6C345862-032E-4616-929A-F8017508E1AE} = {7E477112-3AF3-4EE3-9D9B-2ABE4446C114}
	EndGlobalSection
	GlobalSection(ExtensibilityGlobals) = postSolution
		SolutionGuid = {3011DE67-D758-49F1-8F75-26E122EC16C7}
	EndGlobalSection
EndGlobal
